
Microsoft Visual Studio Solution File, Format Version 12.00
# Visual Studio Version 17
VisualStudioVersion = 17.10.35027.167
MinimumVisualStudioVersion = 10.0.40219.1
Project("{FAE04EC0-301F-11D3-BF4B-00C04F79EFBC}") = "LernenXML", "LernenXML\LernenXML.csproj", "{DF7A6A9D-444A-49B3-AB09-86F68C6E8393}"
EndProject
Global
	GlobalSection(SolutionConfigurationPlatforms) = preSolution
		Debug|Any CPU = Debug|Any CPU
		Release|Any CPU = Release|Any CPU
	EndGlobalSection
	GlobalSection(ProjectConfigurationPlatforms) = postSolution
		{DF7A6A9D-444A-49B3-AB09-86F68C6E8393}.Debug|Any CPU.ActiveCfg = Debug|Any CPU
		{DF7A6A9D-444A-49B3-AB09-86F68C6E8393}.Debug|Any CPU.Build.0 = Debug|Any CPU
		{DF7A6A9D-444A-49B3-AB09-86F68C6E8393}.Release|Any CPU.ActiveCfg = Release|Any CPU
		{DF7A6A9D-444A-49B3-AB09-86F68C6E8393}.Release|Any CPU.Build.0 = Release|Any CPU
	EndGlobalSection
	GlobalSection(SolutionProperties) = preSolution
		HideSolutionNode = FALSE
	EndGlobalSection
	GlobalSection(ExtensibilityGlobals) = postSolution
		SolutionGuid = {31410C07-CC52-4D43-94EA-955447BAB254}
	EndGlobalSection
EndGlobal
