
Microsoft Visual Studio Solution File, Format Version 12.00
# Visual Studio Version 17
VisualStudioVersion = 17.10.35027.167
MinimumVisualStudioVersion = 10.0.40219.1
Project("{FAE04EC0-301F-11D3-BF4B-00C04F79EFBC}") = "AnimationUebung", "AnimationUebung\AnimationUebung.csproj", "{3EF718C3-F912-47F8-BF88-ABE66738B054}"
EndProject
Global
	GlobalSection(SolutionConfigurationPlatforms) = preSolution
		Debug|Any CPU = Debug|Any CPU
		Release|Any CPU = Release|Any CPU
	EndGlobalSection
	GlobalSection(ProjectConfigurationPlatforms) = postSolution
		{3EF718C3-F912-47F8-BF88-ABE66738B054}.Debug|Any CPU.ActiveCfg = Debug|Any CPU
		{3EF718C3-F912-47F8-BF88-ABE66738B054}.Debug|Any CPU.Build.0 = Debug|Any CPU
		{3EF718C3-F912-47F8-BF88-ABE66738B054}.Release|Any CPU.ActiveCfg = Release|Any CPU
		{3EF718C3-F912-47F8-BF88-ABE66738B054}.Release|Any CPU.Build.0 = Release|Any CPU
	EndGlobalSection
	GlobalSection(SolutionProperties) = preSolution
		HideSolutionNode = FALSE
	EndGlobalSection
	GlobalSection(ExtensibilityGlobals) = postSolution
		SolutionGuid = {7663516C-163B-4894-AFA7-1238D91EF144}
	EndGlobalSection
EndGlobal
