
Microsoft Visual Studio Solution File, Format Version 12.00
# Visual Studio Version 17
VisualStudioVersion = 17.10.35027.167
MinimumVisualStudioVersion = 10.0.40219.1
Project("{FAE04EC0-301F-11D3-BF4B-00C04F79EFBC}") = "Tiere", "Tiere\Tiere.csproj", "{95A9AA72-A797-44DA-A773-A52EA6D58643}"
EndProject
Global
	GlobalSection(SolutionConfigurationPlatforms) = preSolution
		Debug|Any CPU = Debug|Any CPU
		Release|Any CPU = Release|Any CPU
	EndGlobalSection
	GlobalSection(ProjectConfigurationPlatforms) = postSolution
		{95A9AA72-A797-44DA-A773-A52EA6D58643}.Debug|Any CPU.ActiveCfg = Debug|Any CPU
		{95A9AA72-A797-44DA-A773-A52EA6D58643}.Debug|Any CPU.Build.0 = Debug|Any CPU
		{95A9AA72-A797-44DA-A773-A52EA6D58643}.Release|Any CPU.ActiveCfg = Release|Any CPU
		{95A9AA72-A797-44DA-A773-A52EA6D58643}.Release|Any CPU.Build.0 = Release|Any CPU
	EndGlobalSection
	GlobalSection(SolutionProperties) = preSolution
		HideSolutionNode = FALSE
	EndGlobalSection
	GlobalSection(ExtensibilityGlobals) = postSolution
		SolutionGuid = {B6F547D0-22E2-4F0A-90EB-0B4DE963DADA}
	EndGlobalSection
EndGlobal
