
Microsoft Visual Studio Solution File, Format Version 12.00
# Visual Studio Version 17
VisualStudioVersion = 17.10.35027.167
MinimumVisualStudioVersion = 10.0.40219.1
Project("{FAE04EC0-301F-11D3-BF4B-00C04F79EFBC}") = "FahrtenbuchKlausur", "FahrtenbuchKlausur\FahrtenbuchKlausur.csproj", "{83577541-23FA-458B-B538-AC80040733F2}"
EndProject
Global
	GlobalSection(SolutionConfigurationPlatforms) = preSolution
		Debug|Any CPU = Debug|Any CPU
		Release|Any CPU = Release|Any CPU
	EndGlobalSection
	GlobalSection(ProjectConfigurationPlatforms) = postSolution
		{83577541-23FA-458B-B538-AC80040733F2}.Debug|Any CPU.ActiveCfg = Debug|Any CPU
		{83577541-23FA-458B-B538-AC80040733F2}.Debug|Any CPU.Build.0 = Debug|Any CPU
		{83577541-23FA-458B-B538-AC80040733F2}.Release|Any CPU.ActiveCfg = Release|Any CPU
		{83577541-23FA-458B-B538-AC80040733F2}.Release|Any CPU.Build.0 = Release|Any CPU
	EndGlobalSection
	GlobalSection(SolutionProperties) = preSolution
		HideSolutionNode = FALSE
	EndGlobalSection
	GlobalSection(ExtensibilityGlobals) = postSolution
		SolutionGuid = {14361995-2E62-4610-B1F9-733D4635E0CD}
	EndGlobalSection
EndGlobal
