
Microsoft Visual Studio Solution File, Format Version 12.00
# Visual Studio Version 17
VisualStudioVersion = 17.10.35027.167
MinimumVisualStudioVersion = 10.0.40219.1
Project("{FAE04EC0-301F-11D3-BF4B-00C04F79EFBC}") = "AutosV03 + Sortieren", "AutosV03 + Sortieren\AutosV03 + Sortieren.csproj", "{B4B505C2-D196-4996-9EEA-9632031116C8}"
EndProject
Global
	GlobalSection(SolutionConfigurationPlatforms) = preSolution
		Debug|Any CPU = Debug|Any CPU
		Release|Any CPU = Release|Any CPU
	EndGlobalSection
	GlobalSection(ProjectConfigurationPlatforms) = postSolution
		{B4B505C2-D196-4996-9EEA-9632031116C8}.Debug|Any CPU.ActiveCfg = Debug|Any CPU
		{B4B505C2-D196-4996-9EEA-9632031116C8}.Debug|Any CPU.Build.0 = Debug|Any CPU
		{B4B505C2-D196-4996-9EEA-9632031116C8}.Release|Any CPU.ActiveCfg = Release|Any CPU
		{B4B505C2-D196-4996-9EEA-9632031116C8}.Release|Any CPU.Build.0 = Release|Any CPU
	EndGlobalSection
	GlobalSection(SolutionProperties) = preSolution
		HideSolutionNode = FALSE
	EndGlobalSection
	GlobalSection(ExtensibilityGlobals) = postSolution
		SolutionGuid = {DE637705-3AFB-4E98-B6B8-3501A65095F0}
	EndGlobalSection
EndGlobal
