
Microsoft Visual Studio Solution File, Format Version 12.00
# Visual Studio Version 17
VisualStudioVersion = 17.10.35027.167
MinimumVisualStudioVersion = 10.0.40219.1
Project("{FAE04EC0-301F-11D3-BF4B-00C04F79EFBC}") = "FirmaXML", "FirmaXML\FirmaXML.csproj", "{E8EA0EDB-3527-4987-AA94-FE92A83525BF}"
EndProject
Global
	GlobalSection(SolutionConfigurationPlatforms) = preSolution
		Debug|Any CPU = Debug|Any CPU
		Release|Any CPU = Release|Any CPU
	EndGlobalSection
	GlobalSection(ProjectConfigurationPlatforms) = postSolution
		{E8EA0EDB-3527-4987-AA94-FE92A83525BF}.Debug|Any CPU.ActiveCfg = Debug|Any CPU
		{E8EA0EDB-3527-4987-AA94-FE92A83525BF}.Debug|Any CPU.Build.0 = Debug|Any CPU
		{E8EA0EDB-3527-4987-AA94-FE92A83525BF}.Release|Any CPU.ActiveCfg = Release|Any CPU
		{E8EA0EDB-3527-4987-AA94-FE92A83525BF}.Release|Any CPU.Build.0 = Release|Any CPU
	EndGlobalSection
	GlobalSection(SolutionProperties) = preSolution
		HideSolutionNode = FALSE
	EndGlobalSection
	GlobalSection(ExtensibilityGlobals) = postSolution
		SolutionGuid = {841BCB0B-5893-46AF-9452-E884915FD6A0}
	EndGlobalSection
EndGlobal
