
Microsoft Visual Studio Solution File, Format Version 12.00
# Visual Studio Version 17
VisualStudioVersion = 17.14.36127.28 d17.14
MinimumVisualStudioVersion = 10.0.40219.1
Project("{FAE04EC0-301F-11D3-BF4B-00C04F79EFBC}") = "Zooverwaltung", "Zooverwaltung\Zooverwaltung.csproj", "{81656473-3983-4F81-8209-5848F09A0DFD}"
EndProject
Global
	GlobalSection(SolutionConfigurationPlatforms) = preSolution
		Debug|Any CPU = Debug|Any CPU
		Release|Any CPU = Release|Any CPU
	EndGlobalSection
	GlobalSection(ProjectConfigurationPlatforms) = postSolution
		{81656473-3983-4F81-8209-5848F09A0DFD}.Debug|Any CPU.ActiveCfg = Debug|Any CPU
		{81656473-3983-4F81-8209-5848F09A0DFD}.Debug|Any CPU.Build.0 = Debug|Any CPU
		{81656473-3983-4F81-8209-5848F09A0DFD}.Release|Any CPU.ActiveCfg = Release|Any CPU
		{81656473-3983-4F81-8209-5848F09A0DFD}.Release|Any CPU.Build.0 = Release|Any CPU
	EndGlobalSection
	GlobalSection(SolutionProperties) = preSolution
		HideSolutionNode = FALSE
	EndGlobalSection
	GlobalSection(ExtensibilityGlobals) = postSolution
		SolutionGuid = {6D79B7CF-D6A7-4AEC-93D3-8355333D424D}
	EndGlobalSection
EndGlobal
